
Microsoft Visual Studio Solution File, Format Version 12.00
# Visual Studio Version 17
VisualStudioVersion = 17.8.34511.84
MinimumVisualStudioVersion = 10.0.40219.1
Project("{FAE04EC0-301F-11D3-BF4B-00C04F79EFBC}") = "MechanicSimulator", "MechanicSimulator\MechanicSimulator.csproj", "{CDFF9E88-D7F0-4ED0-89B9-9FBB1C42E005}"
EndProject
Global
	GlobalSection(SolutionConfigurationPlatforms) = preSolution
		Debug|Any CPU = Debug|Any CPU
		Release|Any CPU = Release|Any CPU
	EndGlobalSection
	GlobalSection(ProjectConfigurationPlatforms) = postSolution
		{CDFF9E88-D7F0-4ED0-89B9-9FBB1C42E005}.Debug|Any CPU.ActiveCfg = Debug|Any CPU
		{CDFF9E88-D7F0-4ED0-89B9-9FBB1C42E005}.Debug|Any CPU.Build.0 = Debug|Any CPU
		{CDFF9E88-D7F0-4ED0-89B9-9FBB1C42E005}.Release|Any CPU.ActiveCfg = Release|Any CPU
		{CDFF9E88-D7F0-4ED0-89B9-9FBB1C42E005}.Release|Any CPU.Build.0 = Release|Any CPU
	EndGlobalSection
	GlobalSection(SolutionProperties) = preSolution
		HideSolutionNode = FALSE
	EndGlobalSection
	GlobalSection(ExtensibilityGlobals) = postSolution
		SolutionGuid = {A9634AA5-47DE-4375-B5A4-5A0E66DE2EB1}
	EndGlobalSection
EndGlobal
